
Microsoft Visual Studio Solution File, Format Version 12.00
# Visual Studio Version 17
VisualStudioVersion = 17.5.33502.453
MinimumVisualStudioVersion = 10.0.40219.1
Project("{FAE04EC0-301F-11D3-BF4B-00C04F79EFBC}") = "WpfControlsOneApp", "WpfControlsOneApp\WpfControlsOneApp.csproj", "{CDDAE5ED-C923-4CDC-BEED-ABA7798BCC88}"
EndProject
Global
	GlobalSection(SolutionConfigurationPlatforms) = preSolution
		Debug|Any CPU = Debug|Any CPU
		Release|Any CPU = Release|Any CPU
	EndGlobalSection
	GlobalSection(ProjectConfigurationPlatforms) = postSolution
		{CDDAE5ED-C923-4CDC-BEED-ABA7798BCC88}.Debug|Any CPU.ActiveCfg = Debug|Any CPU
		{CDDAE5ED-C923-4CDC-BEED-ABA7798BCC88}.Debug|Any CPU.Build.0 = Debug|Any CPU
		{CDDAE5ED-C923-4CDC-BEED-ABA7798BCC88}.Release|Any CPU.ActiveCfg = Release|Any CPU
		{CDDAE5ED-C923-4CDC-BEED-ABA7798BCC88}.Release|Any CPU.Build.0 = Release|Any CPU
	EndGlobalSection
	GlobalSection(SolutionProperties) = preSolution
		HideSolutionNode = FALSE
	EndGlobalSection
	GlobalSection(ExtensibilityGlobals) = postSolution
		SolutionGuid = {0904F4A4-418B-4634-ACB8-AB50834AD9DB}
	EndGlobalSection
EndGlobal
